
Microsoft Visual Studio Solution File, Format Version 12.00
# Visual Studio 2013
VisualStudioVersion = 12.0.30501.0
MinimumVisualStudioVersion = 10.0.40219.1
Project("{FAE04EC0-301F-11D3-BF4B-00C04F79EFBC}") = "SmtpProxy", "SmtpProxy\SmtpProxy.csproj", "{851A42AF-3CA4-4DFD-94B0-112DC1637C97}"
EndProject
Project("{FAE04EC0-301F-11D3-BF4B-00C04F79EFBC}") = "SmtpProxy.Test", "SmtpProxy.Test\SmtpProxy.Test.csproj", "{B2AFE9AF-082F-4B8F-A338-65962832D89D}"
EndProject
Global
	GlobalSection(SolutionConfigurationPlatforms) = preSolution
		Debug|Any CPU = Debug|Any CPU
		Release|Any CPU = Release|Any CPU
	EndGlobalSection
	GlobalSection(ProjectConfigurationPlatforms) = postSolution
		{851A42AF-3CA4-4DFD-94B0-112DC1637C97}.Debug|Any CPU.ActiveCfg = Debug|Any CPU
		{851A42AF-3CA4-4DFD-94B0-112DC1637C97}.Debug|Any CPU.Build.0 = Debug|Any CPU
		{851A42AF-3CA4-4DFD-94B0-112DC1637C97}.Release|Any CPU.ActiveCfg = Release|Any CPU
		{851A42AF-3CA4-4DFD-94B0-112DC1637C97}.Release|Any CPU.Build.0 = Release|Any CPU
		{B2AFE9AF-082F-4B8F-A338-65962832D89D}.Debug|Any CPU.ActiveCfg = Debug|Any CPU
		{B2AFE9AF-082F-4B8F-A338-65962832D89D}.Debug|Any CPU.Build.0 = Debug|Any CPU
		{B2AFE9AF-082F-4B8F-A338-65962832D89D}.Release|Any CPU.ActiveCfg = Release|Any CPU
		{B2AFE9AF-082F-4B8F-A338-65962832D89D}.Release|Any CPU.Build.0 = Release|Any CPU
	EndGlobalSection
	GlobalSection(SolutionProperties) = preSolution
		HideSolutionNode = FALSE
	EndGlobalSection
EndGlobal
